
Microsoft Visual Studio Solution File, Format Version 12.00
# Visual Studio Version 17
VisualStudioVersion = 17.4.33205.214
MinimumVisualStudioVersion = 10.0.40219.1
Project("{FAE04EC0-301F-11D3-BF4B-00C04F79EFBC}") = "MVCHotel", "MVCHotel\MVCHotel.csproj", "{A49E8B7F-2123-4CA4-AF0D-F9150375BCD0}"
EndProject
Global
	GlobalSection(SolutionConfigurationPlatforms) = preSolution
		Debug|Any CPU = Debug|Any CPU
		Release|Any CPU = Release|Any CPU
	EndGlobalSection
	GlobalSection(ProjectConfigurationPlatforms) = postSolution
		{A49E8B7F-2123-4CA4-AF0D-F9150375BCD0}.Debug|Any CPU.ActiveCfg = Debug|Any CPU
		{A49E8B7F-2123-4CA4-AF0D-F9150375BCD0}.Debug|Any CPU.Build.0 = Debug|Any CPU
		{A49E8B7F-2123-4CA4-AF0D-F9150375BCD0}.Release|Any CPU.ActiveCfg = Release|Any CPU
		{A49E8B7F-2123-4CA4-AF0D-F9150375BCD0}.Release|Any CPU.Build.0 = Release|Any CPU
	EndGlobalSection
	GlobalSection(SolutionProperties) = preSolution
		HideSolutionNode = FALSE
	EndGlobalSection
	GlobalSection(ExtensibilityGlobals) = postSolution
		SolutionGuid = {BED24BD6-E926-4E8B-AE84-05DF50F6286B}
	EndGlobalSection
EndGlobal
